// !$*UTF8*$!
{
	archiveVersion = 1;
	classes = {
	};
	objectVersion = 44;
	objects = {

/* Begin PBXBuildFile section */
		22CF11AE0EE9A8840054F513 /* oculus.cpp in Sources */ = {isa = PBXBuildFile; fileRef = 22CF11AD0EE9A8840054F513 /* oculus.cpp */; };
		36C85BC31936D4CB004516FF /* IOKit.framework in Frameworks */ = {isa = PBXBuildFile; fileRef = 36C85BC21936D4CB004516FF /* IOKit.framework */; };
		36D628CA191380BA003BCA28 /* OpenGL.framework in Frameworks */ = {isa = PBXBuildFile; fileRef = 36D628C9191380BA003BCA28 /* OpenGL.framework */; };
		36D628CC191380DD003BCA28 /* JitterAPI.framework in Frameworks */ = {isa = PBXBuildFile; fileRef = 36D628CB191380DD003BCA28 /* JitterAPI.framework */; };
		36D628E3191381DA003BCA28 /* commonsyms.c in Sources */ = {isa = PBXBuildFile; fileRef = 36D628E2191381DA003BCA28 /* commonsyms.c */; };
		36D6293B1913853E003BCA28 /* MaxAudioAPI.framework in Frameworks */ = {isa = PBXBuildFile; fileRef = 36D6293A1913853E003BCA28 /* MaxAudioAPI.framework */; };
		36EA83D91913981100441CD7 /* CoreFoundation.framework in Frameworks */ = {isa = PBXBuildFile; fileRef = 36EA83D81913981100441CD7 /* CoreFoundation.framework */; };
		8920A59B1A72DD4800228C7E /* Cocoa.framework in Frameworks */ = {isa = PBXBuildFile; fileRef = 8920A59A1A72DD4800228C7E /* Cocoa.framework */; };
		898485DB1A72E245002840E3 /* libovr.a in Frameworks */ = {isa = PBXBuildFile; fileRef = 8920A5981A72DD3C00228C7E /* libovr.a */; };
/* End PBXBuildFile section */

/* Begin PBXFileReference section */
		22CF10220EE984600054F513 /* maxmspsdk.xcconfig */ = {isa = PBXFileReference; fileEncoding = 4; lastKnownFileType = text.xcconfig; path = maxmspsdk.xcconfig; sourceTree = SOURCE_ROOT; };
		22CF11AD0EE9A8840054F513 /* oculus.cpp */ = {isa = PBXFileReference; fileEncoding = 4; lastKnownFileType = sourcecode.cpp.cpp; path = oculus.cpp; sourceTree = "<group>"; };
		2FBBEAE508F335360078DB84 /* oculus.mxo */ = {isa = PBXFileReference; explicitFileType = wrapper.cfbundle; includeInIndex = 0; path = oculus.mxo; sourceTree = BUILT_PRODUCTS_DIR; };
		36C85ABF1936D2B7004516FF /* OVR.h */ = {isa = PBXFileReference; fileEncoding = 4; lastKnownFileType = sourcecode.c.h; path = OVR.h; sourceTree = "<group>"; };
		36C85AC01936D2B7004516FF /* OVRVersion.h */ = {isa = PBXFileReference; fileEncoding = 4; lastKnownFileType = sourcecode.c.h; path = OVRVersion.h; sourceTree = "<group>"; };
		36C85AC41936D2B7004516FF /* libovr.a */ = {isa = PBXFileReference; lastKnownFileType = archive.ar; path = libovr.a; sourceTree = "<group>"; };
		36C85AC61936D2B7004516FF /* libovr.a */ = {isa = PBXFileReference; lastKnownFileType = archive.ar; path = libovr.a; sourceTree = "<group>"; };
		36C85AC91936D2B7004516FF /* OVR_Alg.cpp */ = {isa = PBXFileReference; fileEncoding = 4; lastKnownFileType = sourcecode.cpp.cpp; path = OVR_Alg.cpp; sourceTree = "<group>"; };
		36C85ACA1936D2B7004516FF /* OVR_Alg.h */ = {isa = PBXFileReference; fileEncoding = 4; lastKnownFileType = sourcecode.c.h; path = OVR_Alg.h; sourceTree = "<group>"; };
		36C85ACB1936D2B7004516FF /* OVR_Allocator.cpp */ = {isa = PBXFileReference; fileEncoding = 4; lastKnownFileType = sourcecode.cpp.cpp; path = OVR_Allocator.cpp; sourceTree = "<group>"; };
		36C85ACC1936D2B7004516FF /* OVR_Allocator.h */ = {isa = PBXFileReference; fileEncoding = 4; lastKnownFileType = sourcecode.c.h; path = OVR_Allocator.h; sourceTree = "<group>"; };
		36C85ACD1936D2B7004516FF /* OVR_Array.h */ = {isa = PBXFileReference; fileEncoding = 4; lastKnownFileType = sourcecode.c.h; path = OVR_Array.h; sourceTree = "<group>"; };
		36C85ACE1936D2B7004516FF /* OVR_Atomic.cpp */ = {isa = PBXFileReference; fileEncoding = 4; lastKnownFileType = sourcecode.cpp.cpp; path = OVR_Atomic.cpp; sourceTree = "<group>"; };
		36C85ACF1936D2B7004516FF /* OVR_Atomic.h */ = {isa = PBXFileReference; fileEncoding = 4; lastKnownFileType = sourcecode.c.h; path = OVR_Atomic.h; sourceTree = "<group>"; };
		36C85AD01936D2B7004516FF /* OVR_Color.h */ = {isa = PBXFileReference; fileEncoding = 4; lastKnownFileType = sourcecode.c.h; path = OVR_Color.h; sourceTree = "<group>"; };
		36C85AD11936D2B7004516FF /* OVR_ContainerAllocator.h */ = {isa = PBXFileReference; fileEncoding = 4; lastKnownFileType = sourcecode.c.h; path = OVR_ContainerAllocator.h; sourceTree = "<group>"; };
		36C85AD21936D2B7004516FF /* OVR_File.cpp */ = {isa = PBXFileReference; fileEncoding = 4; lastKnownFileType = sourcecode.cpp.cpp; path = OVR_File.cpp; sourceTree = "<group>"; };
		36C85AD31936D2B7004516FF /* OVR_File.h */ = {isa = PBXFileReference; fileEncoding = 4; lastKnownFileType = sourcecode.c.h; path = OVR_File.h; sourceTree = "<group>"; };
		36C85AD41936D2B7004516FF /* OVR_FileFILE.cpp */ = {isa = PBXFileReference; fileEncoding = 4; lastKnownFileType = sourcecode.cpp.cpp; path = OVR_FileFILE.cpp; sourceTree = "<group>"; };
		36C85AD51936D2B7004516FF /* OVR_Hash.h */ = {isa = PBXFileReference; fileEncoding = 4; lastKnownFileType = sourcecode.c.h; path = OVR_Hash.h; sourceTree = "<group>"; };
		36C85AD61936D2B7004516FF /* OVR_KeyCodes.h */ = {isa = PBXFileReference; fileEncoding = 4; lastKnownFileType = sourcecode.c.h; path = OVR_KeyCodes.h; sourceTree = "<group>"; };
		36C85AD71936D2B7004516FF /* OVR_List.h */ = {isa = PBXFileReference; fileEncoding = 4; lastKnownFileType = sourcecode.c.h; path = OVR_List.h; sourceTree = "<group>"; };
		36C85AD81936D2B7004516FF /* OVR_Log.cpp */ = {isa = PBXFileReference; fileEncoding = 4; lastKnownFileType = sourcecode.cpp.cpp; path = OVR_Log.cpp; sourceTree = "<group>"; };
		36C85AD91936D2B7004516FF /* OVR_Log.h */ = {isa = PBXFileReference; fileEncoding = 4; lastKnownFileType = sourcecode.c.h; path = OVR_Log.h; sourceTree = "<group>"; };
		36C85ADA1936D2B7004516FF /* OVR_Math.cpp */ = {isa = PBXFileReference; fileEncoding = 4; lastKnownFileType = sourcecode.cpp.cpp; path = OVR_Math.cpp; sourceTree = "<group>"; };
		36C85ADB1936D2B7004516FF /* OVR_Math.h */ = {isa = PBXFileReference; fileEncoding = 4; lastKnownFileType = sourcecode.c.h; path = OVR_Math.h; sourceTree = "<group>"; };
		36C85ADC1936D2B7004516FF /* OVR_RefCount.cpp */ = {isa = PBXFileReference; fileEncoding = 4; lastKnownFileType = sourcecode.cpp.cpp; path = OVR_RefCount.cpp; sourceTree = "<group>"; };
		36C85ADD1936D2B7004516FF /* OVR_RefCount.h */ = {isa = PBXFileReference; fileEncoding = 4; lastKnownFileType = sourcecode.c.h; path = OVR_RefCount.h; sourceTree = "<group>"; };
		36C85ADE1936D2B7004516FF /* OVR_Std.cpp */ = {isa = PBXFileReference; fileEncoding = 4; lastKnownFileType = sourcecode.cpp.cpp; path = OVR_Std.cpp; sourceTree = "<group>"; };
		36C85ADF1936D2B7004516FF /* OVR_Std.h */ = {isa = PBXFileReference; fileEncoding = 4; lastKnownFileType = sourcecode.c.h; path = OVR_Std.h; sourceTree = "<group>"; };
		36C85AE01936D2B7004516FF /* OVR_String.cpp */ = {isa = PBXFileReference; fileEncoding = 4; lastKnownFileType = sourcecode.cpp.cpp; path = OVR_String.cpp; sourceTree = "<group>"; };
		36C85AE11936D2B7004516FF /* OVR_String.h */ = {isa = PBXFileReference; fileEncoding = 4; lastKnownFileType = sourcecode.c.h; path = OVR_String.h; sourceTree = "<group>"; };
		36C85AE21936D2B7004516FF /* OVR_String_FormatUtil.cpp */ = {isa = PBXFileReference; fileEncoding = 4; lastKnownFileType = sourcecode.cpp.cpp; path = OVR_String_FormatUtil.cpp; sourceTree = "<group>"; };
		36C85AE31936D2B7004516FF /* OVR_String_PathUtil.cpp */ = {isa = PBXFileReference; fileEncoding = 4; lastKnownFileType = sourcecode.cpp.cpp; path = OVR_String_PathUtil.cpp; sourceTree = "<group>"; };
		36C85AE41936D2B7004516FF /* OVR_StringHash.h */ = {isa = PBXFileReference; fileEncoding = 4; lastKnownFileType = sourcecode.c.h; path = OVR_StringHash.h; sourceTree = "<group>"; };
		36C85AE51936D2B7004516FF /* OVR_SysFile.cpp */ = {isa = PBXFileReference; fileEncoding = 4; lastKnownFileType = sourcecode.cpp.cpp; path = OVR_SysFile.cpp; sourceTree = "<group>"; };
		36C85AE61936D2B7004516FF /* OVR_SysFile.h */ = {isa = PBXFileReference; fileEncoding = 4; lastKnownFileType = sourcecode.c.h; path = OVR_SysFile.h; sourceTree = "<group>"; };
		36C85AE71936D2B7004516FF /* OVR_System.cpp */ = {isa = PBXFileReference; fileEncoding = 4; lastKnownFileType = sourcecode.cpp.cpp; path = OVR_System.cpp; sourceTree = "<group>"; };
		36C85AE81936D2B7004516FF /* OVR_System.h */ = {isa = PBXFileReference; fileEncoding = 4; lastKnownFileType = sourcecode.c.h; path = OVR_System.h; sourceTree = "<group>"; };
		36C85AE91936D2B7004516FF /* OVR_Threads.h */ = {isa = PBXFileReference; fileEncoding = 4; lastKnownFileType = sourcecode.c.h; path = OVR_Threads.h; sourceTree = "<group>"; };
		36C85AEA1936D2B7004516FF /* OVR_ThreadsPthread.cpp */ = {isa = PBXFileReference; fileEncoding = 4; lastKnownFileType = sourcecode.cpp.cpp; path = OVR_ThreadsPthread.cpp; sourceTree = "<group>"; };
		36C85AEB1936D2B7004516FF /* OVR_ThreadsWinAPI.cpp */ = {isa = PBXFileReference; fileEncoding = 4; lastKnownFileType = sourcecode.cpp.cpp; path = OVR_ThreadsWinAPI.cpp; sourceTree = "<group>"; };
		36C85AEC1936D2B7004516FF /* OVR_Timer.cpp */ = {isa = PBXFileReference; fileEncoding = 4; lastKnownFileType = sourcecode.cpp.cpp; path = OVR_Timer.cpp; sourceTree = "<group>"; };
		36C85AED1936D2B7004516FF /* OVR_Timer.h */ = {isa = PBXFileReference; fileEncoding = 4; lastKnownFileType = sourcecode.c.h; path = OVR_Timer.h; sourceTree = "<group>"; };
		36C85AEE1936D2B7004516FF /* OVR_Types.h */ = {isa = PBXFileReference; fileEncoding = 4; lastKnownFileType = sourcecode.c.h; path = OVR_Types.h; sourceTree = "<group>"; };
		36C85AEF1936D2B7004516FF /* OVR_UTF8Util.cpp */ = {isa = PBXFileReference; fileEncoding = 4; lastKnownFileType = sourcecode.cpp.cpp; path = OVR_UTF8Util.cpp; sourceTree = "<group>"; };
		36C85AF01936D2B7004516FF /* OVR_UTF8Util.h */ = {isa = PBXFileReference; fileEncoding = 4; lastKnownFileType = sourcecode.c.h; path = OVR_UTF8Util.h; sourceTree = "<group>"; };
		36C85AF11936D2B7004516FF /* OVR_Device.h */ = {isa = PBXFileReference; fileEncoding = 4; lastKnownFileType = sourcecode.c.h; path = OVR_Device.h; sourceTree = "<group>"; };
		36C85AF21936D2B7004516FF /* OVR_DeviceConstants.h */ = {isa = PBXFileReference; fileEncoding = 4; lastKnownFileType = sourcecode.c.h; path = OVR_DeviceConstants.h; sourceTree = "<group>"; };
		36C85AF31936D2B7004516FF /* OVR_DeviceHandle.cpp */ = {isa = PBXFileReference; fileEncoding = 4; lastKnownFileType = sourcecode.cpp.cpp; path = OVR_DeviceHandle.cpp; sourceTree = "<group>"; };
		36C85AF41936D2B7004516FF /* OVR_DeviceHandle.h */ = {isa = PBXFileReference; fileEncoding = 4; lastKnownFileType = sourcecode.c.h; path = OVR_DeviceHandle.h; sourceTree = "<group>"; };
		36C85AF51936D2B7004516FF /* OVR_DeviceImpl.cpp */ = {isa = PBXFileReference; fileEncoding = 4; lastKnownFileType = sourcecode.cpp.cpp; path = OVR_DeviceImpl.cpp; sourceTree = "<group>"; };
		36C85AF61936D2B7004516FF /* OVR_DeviceImpl.h */ = {isa = PBXFileReference; fileEncoding = 4; lastKnownFileType = sourcecode.c.h; path = OVR_DeviceImpl.h; sourceTree = "<group>"; };
		36C85AF71936D2B7004516FF /* OVR_DeviceMessages.h */ = {isa = PBXFileReference; fileEncoding = 4; lastKnownFileType = sourcecode.c.h; path = OVR_DeviceMessages.h; sourceTree = "<group>"; };
		36C85AF81936D2B7004516FF /* OVR_HIDDevice.h */ = {isa = PBXFileReference; fileEncoding = 4; lastKnownFileType = sourcecode.c.h; path = OVR_HIDDevice.h; sourceTree = "<group>"; };
		36C85AF91936D2B7004516FF /* OVR_HIDDeviceBase.h */ = {isa = PBXFileReference; fileEncoding = 4; lastKnownFileType = sourcecode.c.h; path = OVR_HIDDeviceBase.h; sourceTree = "<group>"; };
		36C85AFA1936D2B7004516FF /* OVR_HIDDeviceImpl.h */ = {isa = PBXFileReference; fileEncoding = 4; lastKnownFileType = sourcecode.c.h; path = OVR_HIDDeviceImpl.h; sourceTree = "<group>"; };
		36C85AFB1936D2B7004516FF /* OVR_JSON.cpp */ = {isa = PBXFileReference; fileEncoding = 4; lastKnownFileType = sourcecode.cpp.cpp; path = OVR_JSON.cpp; sourceTree = "<group>"; };
		36C85AFC1936D2B7004516FF /* OVR_JSON.h */ = {isa = PBXFileReference; fileEncoding = 4; lastKnownFileType = sourcecode.c.h; path = OVR_JSON.h; sourceTree = "<group>"; };
		36C85AFD1936D2B7004516FF /* OVR_LatencyTestImpl.cpp */ = {isa = PBXFileReference; fileEncoding = 4; lastKnownFileType = sourcecode.cpp.cpp; path = OVR_LatencyTestImpl.cpp; sourceTree = "<group>"; };
		36C85AFE1936D2B7004516FF /* OVR_LatencyTestImpl.h */ = {isa = PBXFileReference; fileEncoding = 4; lastKnownFileType = sourcecode.c.h; path = OVR_LatencyTestImpl.h; sourceTree = "<group>"; };
		36C85AFF1936D2B7004516FF /* OVR_Linux_DeviceManager.cpp */ = {isa = PBXFileReference; fileEncoding = 4; lastKnownFileType = sourcecode.cpp.cpp; path = OVR_Linux_DeviceManager.cpp; sourceTree = "<group>"; };
		36C85B001936D2B7004516FF /* OVR_Linux_DeviceManager.h */ = {isa = PBXFileReference; fileEncoding = 4; lastKnownFileType = sourcecode.c.h; path = OVR_Linux_DeviceManager.h; sourceTree = "<group>"; };
		36C85B011936D2B7004516FF /* OVR_Linux_HIDDevice.cpp */ = {isa = PBXFileReference; fileEncoding = 4; lastKnownFileType = sourcecode.cpp.cpp; path = OVR_Linux_HIDDevice.cpp; sourceTree = "<group>"; };
		36C85B021936D2B7004516FF /* OVR_Linux_HIDDevice.h */ = {isa = PBXFileReference; fileEncoding = 4; lastKnownFileType = sourcecode.c.h; path = OVR_Linux_HIDDevice.h; sourceTree = "<group>"; };
		36C85B031936D2B7004516FF /* OVR_Linux_HMDDevice.cpp */ = {isa = PBXFileReference; fileEncoding = 4; lastKnownFileType = sourcecode.cpp.cpp; path = OVR_Linux_HMDDevice.cpp; sourceTree = "<group>"; };
		36C85B041936D2B7004516FF /* OVR_Linux_HMDDevice.h */ = {isa = PBXFileReference; fileEncoding = 4; lastKnownFileType = sourcecode.c.h; path = OVR_Linux_HMDDevice.h; sourceTree = "<group>"; };
		36C85B051936D2B7004516FF /* OVR_Linux_SensorDevice.cpp */ = {isa = PBXFileReference; fileEncoding = 4; lastKnownFileType = sourcecode.cpp.cpp; path = OVR_Linux_SensorDevice.cpp; sourceTree = "<group>"; };
		36C85B061936D2B7004516FF /* OVR_OSX_DeviceManager.cpp */ = {isa = PBXFileReference; fileEncoding = 4; lastKnownFileType = sourcecode.cpp.cpp; path = OVR_OSX_DeviceManager.cpp; sourceTree = "<group>"; };
		36C85B071936D2B7004516FF /* OVR_OSX_DeviceManager.h */ = {isa = PBXFileReference; fileEncoding = 4; lastKnownFileType = sourcecode.c.h; path = OVR_OSX_DeviceManager.h; sourceTree = "<group>"; };
		36C85B081936D2B7004516FF /* OVR_OSX_HIDDevice.cpp */ = {isa = PBXFileReference; fileEncoding = 4; lastKnownFileType = sourcecode.cpp.cpp; path = OVR_OSX_HIDDevice.cpp; sourceTree = "<group>"; };
		36C85B091936D2B7004516FF /* OVR_OSX_HIDDevice.h */ = {isa = PBXFileReference; fileEncoding = 4; lastKnownFileType = sourcecode.c.h; path = OVR_OSX_HIDDevice.h; sourceTree = "<group>"; };
		36C85B0A1936D2B7004516FF /* OVR_OSX_HMDDevice.cpp */ = {isa = PBXFileReference; fileEncoding = 4; lastKnownFileType = sourcecode.cpp.cpp; path = OVR_OSX_HMDDevice.cpp; sourceTree = "<group>"; };
		36C85B0B1936D2B7004516FF /* OVR_OSX_HMDDevice.h */ = {isa = PBXFileReference; fileEncoding = 4; lastKnownFileType = sourcecode.c.h; path = OVR_OSX_HMDDevice.h; sourceTree = "<group>"; };
		36C85B0C1936D2B7004516FF /* OVR_OSX_SensorDevice.cpp */ = {isa = PBXFileReference; fileEncoding = 4; lastKnownFileType = sourcecode.cpp.cpp; path = OVR_OSX_SensorDevice.cpp; sourceTree = "<group>"; };
		36C85B0D1936D2B7004516FF /* OVR_Profile.cpp */ = {isa = PBXFileReference; fileEncoding = 4; lastKnownFileType = sourcecode.cpp.cpp; path = OVR_Profile.cpp; sourceTree = "<group>"; };
		36C85B0E1936D2B7004516FF /* OVR_Profile.h */ = {isa = PBXFileReference; fileEncoding = 4; lastKnownFileType = sourcecode.c.h; path = OVR_Profile.h; sourceTree = "<group>"; };
		36C85B0F1936D2B7004516FF /* OVR_SensorFilter.cpp */ = {isa = PBXFileReference; fileEncoding = 4; lastKnownFileType = sourcecode.cpp.cpp; path = OVR_SensorFilter.cpp; sourceTree = "<group>"; };
		36C85B101936D2B7004516FF /* OVR_SensorFilter.h */ = {isa = PBXFileReference; fileEncoding = 4; lastKnownFileType = sourcecode.c.h; path = OVR_SensorFilter.h; sourceTree = "<group>"; };
		36C85B111936D2B7004516FF /* OVR_SensorFusion.cpp */ = {isa = PBXFileReference; fileEncoding = 4; lastKnownFileType = sourcecode.cpp.cpp; path = OVR_SensorFusion.cpp; sourceTree = "<group>"; };
		36C85B121936D2B7004516FF /* OVR_SensorFusion.h */ = {isa = PBXFileReference; fileEncoding = 4; lastKnownFileType = sourcecode.c.h; path = OVR_SensorFusion.h; sourceTree = "<group>"; };
		36C85B131936D2B7004516FF /* OVR_SensorImpl.cpp */ = {isa = PBXFileReference; fileEncoding = 4; lastKnownFileType = sourcecode.cpp.cpp; path = OVR_SensorImpl.cpp; sourceTree = "<group>"; };
		36C85B141936D2B7004516FF /* OVR_SensorImpl.h */ = {isa = PBXFileReference; fileEncoding = 4; lastKnownFileType = sourcecode.c.h; path = OVR_SensorImpl.h; sourceTree = "<group>"; };
		36C85B151936D2B7004516FF /* OVR_ThreadCommandQueue.cpp */ = {isa = PBXFileReference; fileEncoding = 4; lastKnownFileType = sourcecode.cpp.cpp; path = OVR_ThreadCommandQueue.cpp; sourceTree = "<group>"; };
		36C85B161936D2B7004516FF /* OVR_ThreadCommandQueue.h */ = {isa = PBXFileReference; fileEncoding = 4; lastKnownFileType = sourcecode.c.h; path = OVR_ThreadCommandQueue.h; sourceTree = "<group>"; };
		36C85B171936D2B7004516FF /* OVR_Win32_DeviceManager.cpp */ = {isa = PBXFileReference; fileEncoding = 4; lastKnownFileType = sourcecode.cpp.cpp; path = OVR_Win32_DeviceManager.cpp; sourceTree = "<group>"; };
		36C85B181936D2B7004516FF /* OVR_Win32_DeviceManager.h */ = {isa = PBXFileReference; fileEncoding = 4; lastKnownFileType = sourcecode.c.h; path = OVR_Win32_DeviceManager.h; sourceTree = "<group>"; };
		36C85B191936D2B7004516FF /* OVR_Win32_DeviceStatus.cpp */ = {isa = PBXFileReference; fileEncoding = 4; lastKnownFileType = sourcecode.cpp.cpp; path = OVR_Win32_DeviceStatus.cpp; sourceTree = "<group>"; };
		36C85B1A1936D2B7004516FF /* OVR_Win32_DeviceStatus.h */ = {isa = PBXFileReference; fileEncoding = 4; lastKnownFileType = sourcecode.c.h; path = OVR_Win32_DeviceStatus.h; sourceTree = "<group>"; };
		36C85B1B1936D2B7004516FF /* OVR_Win32_HIDDevice.cpp */ = {isa = PBXFileReference; fileEncoding = 4; lastKnownFileType = sourcecode.cpp.cpp; path = OVR_Win32_HIDDevice.cpp; sourceTree = "<group>"; };
		36C85B1C1936D2B7004516FF /* OVR_Win32_HIDDevice.h */ = {isa = PBXFileReference; fileEncoding = 4; lastKnownFileType = sourcecode.c.h; path = OVR_Win32_HIDDevice.h; sourceTree = "<group>"; };
		36C85B1D1936D2B7004516FF /* OVR_Win32_HMDDevice.cpp */ = {isa = PBXFileReference; fileEncoding = 4; lastKnownFileType = sourcecode.cpp.cpp; path = OVR_Win32_HMDDevice.cpp; sourceTree = "<group>"; };
		36C85B1E1936D2B7004516FF /* OVR_Win32_HMDDevice.h */ = {isa = PBXFileReference; fileEncoding = 4; lastKnownFileType = sourcecode.c.h; path = OVR_Win32_HMDDevice.h; sourceTree = "<group>"; };
		36C85B1F1936D2B7004516FF /* OVR_Win32_SensorDevice.cpp */ = {isa = PBXFileReference; fileEncoding = 4; lastKnownFileType = sourcecode.cpp.cpp; path = OVR_Win32_SensorDevice.cpp; sourceTree = "<group>"; };
		36C85B201936D2B7004516FF /* OVR_Win32_SensorDevice.h */ = {isa = PBXFileReference; fileEncoding = 4; lastKnownFileType = sourcecode.c.h; path = OVR_Win32_SensorDevice.h; sourceTree = "<group>"; };
		36C85B221936D2B7004516FF /* Util_LatencyTest.cpp */ = {isa = PBXFileReference; fileEncoding = 4; lastKnownFileType = sourcecode.cpp.cpp; path = Util_LatencyTest.cpp; sourceTree = "<group>"; };
		36C85B231936D2B7004516FF /* Util_LatencyTest.h */ = {isa = PBXFileReference; fileEncoding = 4; lastKnownFileType = sourcecode.c.h; path = Util_LatencyTest.h; sourceTree = "<group>"; };
		36C85B241936D2B7004516FF /* Util_Render_Stereo.cpp */ = {isa = PBXFileReference; fileEncoding = 4; lastKnownFileType = sourcecode.cpp.cpp; path = Util_Render_Stereo.cpp; sourceTree = "<group>"; };
		36C85B251936D2B7004516FF /* Util_Render_Stereo.h */ = {isa = PBXFileReference; fileEncoding = 4; lastKnownFileType = sourcecode.c.h; path = Util_Render_Stereo.h; sourceTree = "<group>"; };
		36C85BC21936D4CB004516FF /* IOKit.framework */ = {isa = PBXFileReference; lastKnownFileType = wrapper.framework; name = IOKit.framework; path = /System/Library/Frameworks/IOKit.framework; sourceTree = "<absolute>"; };
		36C85D461936D511004516FF /* CoreGraphics.framework */ = {isa = PBXFileReference; lastKnownFileType = wrapper.framework; name = CoreGraphics.framework; path = /System/Library/Frameworks/CoreGraphics.framework; sourceTree = "<absolute>"; };
		36D628C9191380BA003BCA28 /* OpenGL.framework */ = {isa = PBXFileReference; lastKnownFileType = wrapper.framework; name = OpenGL.framework; path = /System/Library/Frameworks/OpenGL.framework; sourceTree = "<absolute>"; };
		36D628CB191380DD003BCA28 /* JitterAPI.framework */ = {isa = PBXFileReference; lastKnownFileType = wrapper.framework; name = JitterAPI.framework; path = "/c74/MaxSDK/c74support/jit-includes/JitterAPI.framework"; sourceTree = "<absolute>"; };
		36D628E2191381DA003BCA28 /* commonsyms.c */ = {isa = PBXFileReference; fileEncoding = 4; lastKnownFileType = sourcecode.c.c; name = commonsyms.c; path = "../../../MaxSDK-6.1.4/c74support/max-includes/common/commonsyms.c"; sourceTree = SOURCE_ROOT; };
		36D6293A1913853E003BCA28 /* MaxAudioAPI.framework */ = {isa = PBXFileReference; lastKnownFileType = wrapper.framework; name = MaxAudioAPI.framework; path = "/c74/MaxSDK/c74support/msp-includes/MaxAudioAPI.framework"; sourceTree = "<absolute>"; };
		36EA83D81913981100441CD7 /* CoreFoundation.framework */ = {isa = PBXFileReference; lastKnownFileType = wrapper.framework; name = CoreFoundation.framework; path = /System/Library/Frameworks/CoreFoundation.framework; sourceTree = "<absolute>"; };
		8920A5981A72DD3C00228C7E /* libovr.a */ = {isa = PBXFileReference; lastKnownFileType = archive.ar; name = libovr.a; path = LibOVR/Lib/Mac/Release/libovr.a; sourceTree = "<group>"; };
		8920A59A1A72DD4800228C7E /* Cocoa.framework */ = {isa = PBXFileReference; lastKnownFileType = wrapper.framework; name = Cocoa.framework; path = System/Library/Frameworks/Cocoa.framework; sourceTree = SDKROOT; };
/* End PBXFileReference section */

/* Begin PBXFrameworksBuildPhase section */
		2FBBEADC08F335360078DB84 /* Frameworks */ = {
			isa = PBXFrameworksBuildPhase;
			buildActionMask = 2147483647;
			files = (
				898485DB1A72E245002840E3 /* libovr.a in Frameworks */,
				8920A59B1A72DD4800228C7E /* Cocoa.framework in Frameworks */,
				36D628CA191380BA003BCA28 /* OpenGL.framework in Frameworks */,
				36D628CC191380DD003BCA28 /* JitterAPI.framework in Frameworks */,
				36D6293B1913853E003BCA28 /* MaxAudioAPI.framework in Frameworks */,
				36EA83D91913981100441CD7 /* CoreFoundation.framework in Frameworks */,
				36C85BC31936D4CB004516FF /* IOKit.framework in Frameworks */,
			);
			runOnlyForDeploymentPostprocessing = 0;
		};
/* End PBXFrameworksBuildPhase section */

/* Begin PBXGroup section */
		089C166AFE841209C02AAC07 /* iterator */ = {
			isa = PBXGroup;
			children = (
				22CF10220EE984600054F513 /* maxmspsdk.xcconfig */,
				36C85ABD1936D2B7004516FF /* LibOVR */,
				22CF11AD0EE9A8840054F513 /* oculus.cpp */,
				36D628E2191381DA003BCA28 /* commonsyms.c */,
				8920A59A1A72DD4800228C7E /* Cocoa.framework */,
				8920A5981A72DD3C00228C7E /* libovr.a */,
				36D6293A1913853E003BCA28 /* MaxAudioAPI.framework */,
				36D628CB191380DD003BCA28 /* JitterAPI.framework */,
				36D628C9191380BA003BCA28 /* OpenGL.framework */,
				36C85D461936D511004516FF /* CoreGraphics.framework */,
				36EA83D81913981100441CD7 /* CoreFoundation.framework */,
				36C85BC21936D4CB004516FF /* IOKit.framework */,
				19C28FB4FE9D528D11CA2CBB /* Products */,
			);
			name = iterator;
			sourceTree = "<group>";
		};
		19C28FB4FE9D528D11CA2CBB /* Products */ = {
			isa = PBXGroup;
			children = (
				2FBBEAE508F335360078DB84 /* oculus.mxo */,
			);
			name = Products;
			sourceTree = "<group>";
		};
		36C85ABD1936D2B7004516FF /* LibOVR */ = {
			isa = PBXGroup;
			children = (
				36C85ABE1936D2B7004516FF /* Include */,
				36C85AC11936D2B7004516FF /* Lib */,
				36C85AC71936D2B7004516FF /* Src */,
			);
			path = LibOVR;
			sourceTree = "<group>";
		};
		36C85ABE1936D2B7004516FF /* Include */ = {
			isa = PBXGroup;
			children = (
				36C85ABF1936D2B7004516FF /* OVR.h */,
				36C85AC01936D2B7004516FF /* OVRVersion.h */,
			);
			path = Include;
			sourceTree = "<group>";
		};
		36C85AC11936D2B7004516FF /* Lib */ = {
			isa = PBXGroup;
			children = (
				36C85AC21936D2B7004516FF /* MacOS */,
			);
			path = Lib;
			sourceTree = "<group>";
		};
		36C85AC21936D2B7004516FF /* MacOS */ = {
			isa = PBXGroup;
			children = (
				36C85AC31936D2B7004516FF /* Debug */,
				36C85AC51936D2B7004516FF /* Release */,
			);
			path = MacOS;
			sourceTree = "<group>";
		};
		36C85AC31936D2B7004516FF /* Debug */ = {
			isa = PBXGroup;
			children = (
				36C85AC41936D2B7004516FF /* libovr.a */,
			);
			path = Debug;
			sourceTree = "<group>";
		};
		36C85AC51936D2B7004516FF /* Release */ = {
			isa = PBXGroup;
			children = (
				36C85AC61936D2B7004516FF /* libovr.a */,
			);
			path = Release;
			sourceTree = "<group>";
		};
		36C85AC71936D2B7004516FF /* Src */ = {
			isa = PBXGroup;
			children = (
				36C85AC81936D2B7004516FF /* Kernel */,
				36C85AF11936D2B7004516FF /* OVR_Device.h */,
				36C85AF21936D2B7004516FF /* OVR_DeviceConstants.h */,
				36C85AF31936D2B7004516FF /* OVR_DeviceHandle.cpp */,
				36C85AF41936D2B7004516FF /* OVR_DeviceHandle.h */,
				36C85AF51936D2B7004516FF /* OVR_DeviceImpl.cpp */,
				36C85AF61936D2B7004516FF /* OVR_DeviceImpl.h */,
				36C85AF71936D2B7004516FF /* OVR_DeviceMessages.h */,
				36C85AF81936D2B7004516FF /* OVR_HIDDevice.h */,
				36C85AF91936D2B7004516FF /* OVR_HIDDeviceBase.h */,
				36C85AFA1936D2B7004516FF /* OVR_HIDDeviceImpl.h */,
				36C85AFB1936D2B7004516FF /* OVR_JSON.cpp */,
				36C85AFC1936D2B7004516FF /* OVR_JSON.h */,
				36C85AFD1936D2B7004516FF /* OVR_LatencyTestImpl.cpp */,
				36C85AFE1936D2B7004516FF /* OVR_LatencyTestImpl.h */,
				36C85AFF1936D2B7004516FF /* OVR_Linux_DeviceManager.cpp */,
				36C85B001936D2B7004516FF /* OVR_Linux_DeviceManager.h */,
				36C85B011936D2B7004516FF /* OVR_Linux_HIDDevice.cpp */,
				36C85B021936D2B7004516FF /* OVR_Linux_HIDDevice.h */,
				36C85B031936D2B7004516FF /* OVR_Linux_HMDDevice.cpp */,
				36C85B041936D2B7004516FF /* OVR_Linux_HMDDevice.h */,
				36C85B051936D2B7004516FF /* OVR_Linux_SensorDevice.cpp */,
				36C85B061936D2B7004516FF /* OVR_OSX_DeviceManager.cpp */,
				36C85B071936D2B7004516FF /* OVR_OSX_DeviceManager.h */,
				36C85B081936D2B7004516FF /* OVR_OSX_HIDDevice.cpp */,
				36C85B091936D2B7004516FF /* OVR_OSX_HIDDevice.h */,
				36C85B0A1936D2B7004516FF /* OVR_OSX_HMDDevice.cpp */,
				36C85B0B1936D2B7004516FF /* OVR_OSX_HMDDevice.h */,
				36C85B0C1936D2B7004516FF /* OVR_OSX_SensorDevice.cpp */,
				36C85B0D1936D2B7004516FF /* OVR_Profile.cpp */,
				36C85B0E1936D2B7004516FF /* OVR_Profile.h */,
				36C85B0F1936D2B7004516FF /* OVR_SensorFilter.cpp */,
				36C85B101936D2B7004516FF /* OVR_SensorFilter.h */,
				36C85B111936D2B7004516FF /* OVR_SensorFusion.cpp */,
				36C85B121936D2B7004516FF /* OVR_SensorFusion.h */,
				36C85B131936D2B7004516FF /* OVR_SensorImpl.cpp */,
				36C85B141936D2B7004516FF /* OVR_SensorImpl.h */,
				36C85B151936D2B7004516FF /* OVR_ThreadCommandQueue.cpp */,
				36C85B161936D2B7004516FF /* OVR_ThreadCommandQueue.h */,
				36C85B171936D2B7004516FF /* OVR_Win32_DeviceManager.cpp */,
				36C85B181936D2B7004516FF /* OVR_Win32_DeviceManager.h */,
				36C85B191936D2B7004516FF /* OVR_Win32_DeviceStatus.cpp */,
				36C85B1A1936D2B7004516FF /* OVR_Win32_DeviceStatus.h */,
				36C85B1B1936D2B7004516FF /* OVR_Win32_HIDDevice.cpp */,
				36C85B1C1936D2B7004516FF /* OVR_Win32_HIDDevice.h */,
				36C85B1D1936D2B7004516FF /* OVR_Win32_HMDDevice.cpp */,
				36C85B1E1936D2B7004516FF /* OVR_Win32_HMDDevice.h */,
				36C85B1F1936D2B7004516FF /* OVR_Win32_SensorDevice.cpp */,
				36C85B201936D2B7004516FF /* OVR_Win32_SensorDevice.h */,
				36C85B211936D2B7004516FF /* Util */,
			);
			path = Src;
			sourceTree = "<group>";
		};
		36C85AC81936D2B7004516FF /* Kernel */ = {
			isa = PBXGroup;
			children = (
				36C85AC91936D2B7004516FF /* OVR_Alg.cpp */,
				36C85ACA1936D2B7004516FF /* OVR_Alg.h */,
				36C85ACB1936D2B7004516FF /* OVR_Allocator.cpp */,
				36C85ACC1936D2B7004516FF /* OVR_Allocator.h */,
				36C85ACD1936D2B7004516FF /* OVR_Array.h */,
				36C85ACE1936D2B7004516FF /* OVR_Atomic.cpp */,
				36C85ACF1936D2B7004516FF /* OVR_Atomic.h */,
				36C85AD01936D2B7004516FF /* OVR_Color.h */,
				36C85AD11936D2B7004516FF /* OVR_ContainerAllocator.h */,
				36C85AD21936D2B7004516FF /* OVR_File.cpp */,
				36C85AD31936D2B7004516FF /* OVR_File.h */,
				36C85AD41936D2B7004516FF /* OVR_FileFILE.cpp */,
				36C85AD51936D2B7004516FF /* OVR_Hash.h */,
				36C85AD61936D2B7004516FF /* OVR_KeyCodes.h */,
				36C85AD71936D2B7004516FF /* OVR_List.h */,
				36C85AD81936D2B7004516FF /* OVR_Log.cpp */,
				36C85AD91936D2B7004516FF /* OVR_Log.h */,
				36C85ADA1936D2B7004516FF /* OVR_Math.cpp */,
				36C85ADB1936D2B7004516FF /* OVR_Math.h */,
				36C85ADC1936D2B7004516FF /* OVR_RefCount.cpp */,
				36C85ADD1936D2B7004516FF /* OVR_RefCount.h */,
				36C85ADE1936D2B7004516FF /* OVR_Std.cpp */,
				36C85ADF1936D2B7004516FF /* OVR_Std.h */,
				36C85AE01936D2B7004516FF /* OVR_String.cpp */,
				36C85AE11936D2B7004516FF /* OVR_String.h */,
				36C85AE21936D2B7004516FF /* OVR_String_FormatUtil.cpp */,
				36C85AE31936D2B7004516FF /* OVR_String_PathUtil.cpp */,
				36C85AE41936D2B7004516FF /* OVR_StringHash.h */,
				36C85AE51936D2B7004516FF /* OVR_SysFile.cpp */,
				36C85AE61936D2B7004516FF /* OVR_SysFile.h */,
				36C85AE71936D2B7004516FF /* OVR_System.cpp */,
				36C85AE81936D2B7004516FF /* OVR_System.h */,
				36C85AE91936D2B7004516FF /* OVR_Threads.h */,
				36C85AEA1936D2B7004516FF /* OVR_ThreadsPthread.cpp */,
				36C85AEB1936D2B7004516FF /* OVR_ThreadsWinAPI.cpp */,
				36C85AEC1936D2B7004516FF /* OVR_Timer.cpp */,
				36C85AED1936D2B7004516FF /* OVR_Timer.h */,
				36C85AEE1936D2B7004516FF /* OVR_Types.h */,
				36C85AEF1936D2B7004516FF /* OVR_UTF8Util.cpp */,
				36C85AF01936D2B7004516FF /* OVR_UTF8Util.h */,
			);
			path = Kernel;
			sourceTree = "<group>";
		};
		36C85B211936D2B7004516FF /* Util */ = {
			isa = PBXGroup;
			children = (
				36C85B221936D2B7004516FF /* Util_LatencyTest.cpp */,
				36C85B231936D2B7004516FF /* Util_LatencyTest.h */,
				36C85B241936D2B7004516FF /* Util_Render_Stereo.cpp */,
				36C85B251936D2B7004516FF /* Util_Render_Stereo.h */,
			);
			path = Util;
			sourceTree = "<group>";
		};
/* End PBXGroup section */

/* Begin PBXHeadersBuildPhase section */
		2FBBEAD708F335360078DB84 /* Headers */ = {
			isa = PBXHeadersBuildPhase;
			buildActionMask = 2147483647;
			files = (
			);
			runOnlyForDeploymentPostprocessing = 0;
		};
/* End PBXHeadersBuildPhase section */

/* Begin PBXNativeTarget section */
		2FBBEAD608F335360078DB84 /* max-external */ = {
			isa = PBXNativeTarget;
			buildConfigurationList = 2FBBEAE008F335360078DB84 /* Build configuration list for PBXNativeTarget "max-external" */;
			buildPhases = (
				2FBBEAD708F335360078DB84 /* Headers */,
				2FBBEAD808F335360078DB84 /* Resources */,
				2FBBEADA08F335360078DB84 /* Sources */,
				2FBBEADC08F335360078DB84 /* Frameworks */,
				2FBBEADF08F335360078DB84 /* Rez */,
			);
			buildRules = (
			);
			dependencies = (
			);
			name = "max-external";
			productName = iterator;
			productReference = 2FBBEAE508F335360078DB84 /* oculus.mxo */;
			productType = "com.apple.product-type.bundle";
		};
/* End PBXNativeTarget section */

/* Begin PBXProject section */
		089C1669FE841209C02AAC07 /* Project object */ = {
			isa = PBXProject;
			attributes = {
			};
			buildConfigurationList = 2FBBEACF08F335010078DB84 /* Build configuration list for PBXProject "oculus" */;
			compatibilityVersion = "Xcode 3.0";
			developmentRegion = English;
			hasScannedForEncodings = 1;
			knownRegions = (
				en,
			);
			mainGroup = 089C166AFE841209C02AAC07 /* iterator */;
			projectDirPath = "";
			projectRoot = "";
			targets = (
				2FBBEAD608F335360078DB84 /* max-external */,
			);
		};
/* End PBXProject section */

/* Begin PBXResourcesBuildPhase section */
		2FBBEAD808F335360078DB84 /* Resources */ = {
			isa = PBXResourcesBuildPhase;
			buildActionMask = 2147483647;
			files = (
			);
			runOnlyForDeploymentPostprocessing = 0;
		};
/* End PBXResourcesBuildPhase section */

/* Begin PBXRezBuildPhase section */
		2FBBEADF08F335360078DB84 /* Rez */ = {
			isa = PBXRezBuildPhase;
			buildActionMask = 2147483647;
			files = (
			);
			runOnlyForDeploymentPostprocessing = 0;
		};
/* End PBXRezBuildPhase section */

/* Begin PBXSourcesBuildPhase section */
		2FBBEADA08F335360078DB84 /* Sources */ = {
			isa = PBXSourcesBuildPhase;
			buildActionMask = 2147483647;
			files = (
				22CF11AE0EE9A8840054F513 /* oculus.cpp in Sources */,
				36D628E3191381DA003BCA28 /* commonsyms.c in Sources */,
			);
			runOnlyForDeploymentPostprocessing = 0;
		};
/* End PBXSourcesBuildPhase section */

/* Begin XCBuildConfiguration section */
		2FBBEAD008F335010078DB84 /* Development */ = {
			isa = XCBuildConfiguration;
			buildSettings = {
				MACOSX_DEPLOYMENT_TARGET = 10.7;
			};
			name = Development;
		};
		2FBBEAD108F335010078DB84 /* Deployment */ = {
			isa = XCBuildConfiguration;
			buildSettings = {
				MACOSX_DEPLOYMENT_TARGET = 10.7;
			};
			name = Deployment;
		};
		2FBBEAE108F335360078DB84 /* Development */ = {
			isa = XCBuildConfiguration;
			baseConfigurationReference = 22CF10220EE984600054F513 /* maxmspsdk.xcconfig */;
			buildSettings = {
				COPY_PHASE_STRIP = NO;
				DSTROOT = "$(SRCROOT)/../externals";
				FRAMEWORK_SEARCH_PATHS = (
					"$(inherited)",
					"\"$(SRCROOT)/../../../c74support/jit-includes\"",
					"\"$(SRCROOT)/../../../c74support/msp-includes\"",
				);
				GCC_ENABLE_CPP_RTTI = NO;
				GCC_OPTIMIZATION_LEVEL = 0;
				GCC_PREFIX_HEADER = "$(C74SUPPORT)/max-includes/macho-gl-prefix.pch";
				HEADER_SEARCH_PATHS = (
					LibOVR/Src,
					LibOVR/Include,
					"\"$(C74SUPPORT)/max-includes\"",
					"\"$(C74SUPPORT)/msp-includes\"",
					"\"$(C74SUPPORT)/jit-includes\"",
				);
				LIBRARY_SEARCH_PATHS = (
					"$(inherited)",
					"$(PROJECT_DIR)/LibOVR/Lib/Mac/Release",
				);
				OTHER_LDFLAGS = "$(C74_SYM_LINKER_FLAGS)";
				SDKROOT = macosx10.7;
			};
			name = Development;
		};
		2FBBEAE208F335360078DB84 /* Deployment */ = {
			isa = XCBuildConfiguration;
			baseConfigurationReference = 22CF10220EE984600054F513 /* maxmspsdk.xcconfig */;
			buildSettings = {
				COPY_PHASE_STRIP = YES;
				DSTROOT = "$(SRCROOT)/../externals";
				FRAMEWORK_SEARCH_PATHS = (
					"$(inherited)",
					"\"$(SRCROOT)/../../../c74support/jit-includes\"",
					"\"$(SRCROOT)/../../../c74support/msp-includes\"",
				);
				GCC_ENABLE_CPP_RTTI = NO;
				GCC_PREFIX_HEADER = "$(C74SUPPORT)/max-includes/macho-gl-prefix.pch";
				HEADER_SEARCH_PATHS = (
					LibOVR/Src,
					LibOVR/Include,
					"\"$(C74SUPPORT)/max-includes\"",
					"\"$(C74SUPPORT)/msp-includes\"",
					"\"$(C74SUPPORT)/jit-includes\"",
				);
				LIBRARY_SEARCH_PATHS = (
					"$(inherited)",
					"$(PROJECT_DIR)/LibOVR/Lib/Mac/Release",
				);
				OTHER_LDFLAGS = "$(C74_SYM_LINKER_FLAGS)";
				SDKROOT = macosx10.7;
			};
			name = Deployment;
		};
/* End XCBuildConfiguration section */

/* Begin XCConfigurationList section */
		2FBBEACF08F335010078DB84 /* Build configuration list for PBXProject "oculus" */ = {
			isa = XCConfigurationList;
			buildConfigurations = (
				2FBBEAD008F335010078DB84 /* Development */,
				2FBBEAD108F335010078DB84 /* Deployment */,
			);
			defaultConfigurationIsVisible = 0;
			defaultConfigurationName = Development;
		};
		2FBBEAE008F335360078DB84 /* Build configuration list for PBXNativeTarget "max-external" */ = {
			isa = XCConfigurationList;
			buildConfigurations = (
				2FBBEAE108F335360078DB84 /* Development */,
				2FBBEAE208F335360078DB84 /* Deployment */,
			);
			defaultConfigurationIsVisible = 0;
			defaultConfigurationName = Development;
		};
/* End XCConfigurationList section */
	};
	rootObject = 089C1669FE841209C02AAC07 /* Project object */;
}
